
Microsoft Visual Studio Solution File, Format Version 12.00
# Visual Studio 15
VisualStudioVersion = 15.0.27703.2035
MinimumVisualStudioVersion = 10.0.40219.1
Project("{FAE04EC0-301F-11D3-BF4B-00C04F79EFBC}") = "Carubbi.Communication", "Carubbi.Communication\Carubbi.Communication.csproj", "{19005BD0-6BBD-479E-AA40-DCB1E60413DF}"
EndProject
Project("{FAE04EC0-301F-11D3-BF4B-00C04F79EFBC}") = "Carubbi.Communications.ServerSample", "Carubbi.Communications.ServerSample\Carubbi.Communications.ServerSample.csproj", "{6105EF06-C710-4FB2-901E-F2D95DC8C7A9}"
EndProject
Project("{FAE04EC0-301F-11D3-BF4B-00C04F79EFBC}") = "Carubbi.Communication.ClientSample", "Carubbi.Communication.ClientSample\Carubbi.Communication.ClientSample.csproj", "{7F7D872A-7C0D-4DD4-B8AD-805D742788E5}"
EndProject
Global
	GlobalSection(SolutionConfigurationPlatforms) = preSolution
		Debug|Any CPU = Debug|Any CPU
		Release|Any CPU = Release|Any CPU
	EndGlobalSection
	GlobalSection(ProjectConfigurationPlatforms) = postSolution
		{19005BD0-6BBD-479E-AA40-DCB1E60413DF}.Debug|Any CPU.ActiveCfg = Debug|Any CPU
		{19005BD0-6BBD-479E-AA40-DCB1E60413DF}.Debug|Any CPU.Build.0 = Debug|Any CPU
		{19005BD0-6BBD-479E-AA40-DCB1E60413DF}.Release|Any CPU.ActiveCfg = Release|Any CPU
		{19005BD0-6BBD-479E-AA40-DCB1E60413DF}.Release|Any CPU.Build.0 = Release|Any CPU
		{6105EF06-C710-4FB2-901E-F2D95DC8C7A9}.Debug|Any CPU.ActiveCfg = Debug|Any CPU
		{6105EF06-C710-4FB2-901E-F2D95DC8C7A9}.Debug|Any CPU.Build.0 = Debug|Any CPU
		{6105EF06-C710-4FB2-901E-F2D95DC8C7A9}.Release|Any CPU.ActiveCfg = Release|Any CPU
		{6105EF06-C710-4FB2-901E-F2D95DC8C7A9}.Release|Any CPU.Build.0 = Release|Any CPU
		{7F7D872A-7C0D-4DD4-B8AD-805D742788E5}.Debug|Any CPU.ActiveCfg = Debug|Any CPU
		{7F7D872A-7C0D-4DD4-B8AD-805D742788E5}.Debug|Any CPU.Build.0 = Debug|Any CPU
		{7F7D872A-7C0D-4DD4-B8AD-805D742788E5}.Release|Any CPU.ActiveCfg = Release|Any CPU
		{7F7D872A-7C0D-4DD4-B8AD-805D742788E5}.Release|Any CPU.Build.0 = Release|Any CPU
	EndGlobalSection
	GlobalSection(SolutionProperties) = preSolution
		HideSolutionNode = FALSE
	EndGlobalSection
	GlobalSection(ExtensibilityGlobals) = postSolution
		SolutionGuid = {EF8DEED3-6DB1-4DB9-8AC4-F54E7CC55535}
	EndGlobalSection
EndGlobal
